
Microsoft Visual Studio Solution File, Format Version 12.00
# Visual Studio Version 17
VisualStudioVersion = 17.5.33414.496
MinimumVisualStudioVersion = 10.0.40219.1
Project("{8BC9CEB8-8B4A-11D0-8D11-00A0C91BC942}") = "CppCLR_WinFormsProject1", "CppCLR_WinFormsProject1\CppCLR_WinFormsProject1.vcxproj", "{F2D11DE5-F5BA-4332-9847-CBACEDBFF969}"
EndProject
Global
	GlobalSection(SolutionConfigurationPlatforms) = preSolution
		Debug|x64 = Debug|x64
		Debug|x86 = Debug|x86
		Release|x64 = Release|x64
		Release|x86 = Release|x86
	EndGlobalSection
	GlobalSection(ProjectConfigurationPlatforms) = postSolution
		{F2D11DE5-F5BA-4332-9847-CBACEDBFF969}.Debug|x64.ActiveCfg = Debug|x64
		{F2D11DE5-F5BA-4332-9847-CBACEDBFF969}.Debug|x64.Build.0 = Debug|x64
		{F2D11DE5-F5BA-4332-9847-CBACEDBFF969}.Debug|x86.ActiveCfg = Debug|Win32
		{F2D11DE5-F5BA-4332-9847-CBACEDBFF969}.Debug|x86.Build.0 = Debug|Win32
		{F2D11DE5-F5BA-4332-9847-CBACEDBFF969}.Release|x64.ActiveCfg = Release|x64
		{F2D11DE5-F5BA-4332-9847-CBACEDBFF969}.Release|x64.Build.0 = Release|x64
		{F2D11DE5-F5BA-4332-9847-CBACEDBFF969}.Release|x86.ActiveCfg = Release|Win32
		{F2D11DE5-F5BA-4332-9847-CBACEDBFF969}.Release|x86.Build.0 = Release|Win32
	EndGlobalSection
	GlobalSection(SolutionProperties) = preSolution
		HideSolutionNode = FALSE
	EndGlobalSection
	GlobalSection(ExtensibilityGlobals) = postSolution
		SolutionGuid = {4F2F00FB-C7DC-49B0-B766-1903EE6851C7}
	EndGlobalSection
EndGlobal
